
Microsoft Visual Studio Solution File, Format Version 12.00
# Visual Studio Version 17
VisualStudioVersion = 17.6.33723.286
MinimumVisualStudioVersion = 10.0.40219.1
Project("{FAE04EC0-301F-11D3-BF4B-00C04F79EFBC}") = "CodeChallenge15", "CodeChallenge15\CodeChallenge15.csproj", "{CE6ECB57-C8B6-43FC-8EDA-6B6DE767BC64}"
EndProject
Project("{FAE04EC0-301F-11D3-BF4B-00C04F79EFBC}") = "TestBinaryTree", "TestBinaryTree\TestBinaryTree.csproj", "{CF8EA84B-DACF-4537-B2FE-BEABAFD795B2}"
EndProject
Global
	GlobalSection(SolutionConfigurationPlatforms) = preSolution
		Debug|Any CPU = Debug|Any CPU
		Release|Any CPU = Release|Any CPU
	EndGlobalSection
	GlobalSection(ProjectConfigurationPlatforms) = postSolution
		{CE6ECB57-C8B6-43FC-8EDA-6B6DE767BC64}.Debug|Any CPU.ActiveCfg = Debug|Any CPU
		{CE6ECB57-C8B6-43FC-8EDA-6B6DE767BC64}.Debug|Any CPU.Build.0 = Debug|Any CPU
		{CE6ECB57-C8B6-43FC-8EDA-6B6DE767BC64}.Release|Any CPU.ActiveCfg = Release|Any CPU
		{CE6ECB57-C8B6-43FC-8EDA-6B6DE767BC64}.Release|Any CPU.Build.0 = Release|Any CPU
		{CF8EA84B-DACF-4537-B2FE-BEABAFD795B2}.Debug|Any CPU.ActiveCfg = Debug|Any CPU
		{CF8EA84B-DACF-4537-B2FE-BEABAFD795B2}.Debug|Any CPU.Build.0 = Debug|Any CPU
		{CF8EA84B-DACF-4537-B2FE-BEABAFD795B2}.Release|Any CPU.ActiveCfg = Release|Any CPU
		{CF8EA84B-DACF-4537-B2FE-BEABAFD795B2}.Release|Any CPU.Build.0 = Release|Any CPU
	EndGlobalSection
	GlobalSection(SolutionProperties) = preSolution
		HideSolutionNode = FALSE
	EndGlobalSection
	GlobalSection(ExtensibilityGlobals) = postSolution
		SolutionGuid = {619DB07D-7582-4BEB-95F2-528E10233D4E}
	EndGlobalSection
EndGlobal
