
Microsoft Visual Studio Solution File, Format Version 12.00
# Visual Studio Version 17
VisualStudioVersion = 17.6.33723.286
MinimumVisualStudioVersion = 10.0.40219.1
Project("{FAE04EC0-301F-11D3-BF4B-00C04F79EFBC}") = "StackAndQueue", "StackAndQueue\StackAndQueue.csproj", "{B2A78D8E-A833-46FE-8E42-3FFBCD93FE01}"
EndProject
Project("{FAE04EC0-301F-11D3-BF4B-00C04F79EFBC}") = "TestStackAndQueue", "TestStackAndQueue\TestStackAndQueue.csproj", "{D884F6EC-FB6A-4BB2-8A4E-33E7A184EAE5}"
EndProject
Global
	GlobalSection(SolutionConfigurationPlatforms) = preSolution
		Debug|Any CPU = Debug|Any CPU
		Release|Any CPU = Release|Any CPU
	EndGlobalSection
	GlobalSection(ProjectConfigurationPlatforms) = postSolution
		{B2A78D8E-A833-46FE-8E42-3FFBCD93FE01}.Debug|Any CPU.ActiveCfg = Debug|Any CPU
		{B2A78D8E-A833-46FE-8E42-3FFBCD93FE01}.Debug|Any CPU.Build.0 = Debug|Any CPU
		{B2A78D8E-A833-46FE-8E42-3FFBCD93FE01}.Release|Any CPU.ActiveCfg = Release|Any CPU
		{B2A78D8E-A833-46FE-8E42-3FFBCD93FE01}.Release|Any CPU.Build.0 = Release|Any CPU
		{D884F6EC-FB6A-4BB2-8A4E-33E7A184EAE5}.Debug|Any CPU.ActiveCfg = Debug|Any CPU
		{D884F6EC-FB6A-4BB2-8A4E-33E7A184EAE5}.Debug|Any CPU.Build.0 = Debug|Any CPU
		{D884F6EC-FB6A-4BB2-8A4E-33E7A184EAE5}.Release|Any CPU.ActiveCfg = Release|Any CPU
		{D884F6EC-FB6A-4BB2-8A4E-33E7A184EAE5}.Release|Any CPU.Build.0 = Release|Any CPU
	EndGlobalSection
	GlobalSection(SolutionProperties) = preSolution
		HideSolutionNode = FALSE
	EndGlobalSection
	GlobalSection(ExtensibilityGlobals) = postSolution
		SolutionGuid = {25D95C42-D592-4713-AD1E-EBB807A2EC2F}
	EndGlobalSection
EndGlobal
