
Microsoft Visual Studio Solution File, Format Version 12.00
# Visual Studio Version 17
VisualStudioVersion = 17.6.33723.286
MinimumVisualStudioVersion = 10.0.40219.1
Project("{FAE04EC0-301F-11D3-BF4B-00C04F79EFBC}") = "codechallenge38", "codechallenge38\codechallenge38.csproj", "{8D29E30B-8DBB-4FB9-A2A9-EE5AF5BE766F}"
EndProject
Project("{FAE04EC0-301F-11D3-BF4B-00C04F79EFBC}") = "graph-depth-firstTest", "graph-depth-firstTest\graph-depth-firstTest.csproj", "{83DE03F6-EA08-4BA7-BCFD-8465A05313A9}"
EndProject
Global
	GlobalSection(SolutionConfigurationPlatforms) = preSolution
		Debug|Any CPU = Debug|Any CPU
		Release|Any CPU = Release|Any CPU
	EndGlobalSection
	GlobalSection(ProjectConfigurationPlatforms) = postSolution
		{8D29E30B-8DBB-4FB9-A2A9-EE5AF5BE766F}.Debug|Any CPU.ActiveCfg = Debug|Any CPU
		{8D29E30B-8DBB-4FB9-A2A9-EE5AF5BE766F}.Debug|Any CPU.Build.0 = Debug|Any CPU
		{8D29E30B-8DBB-4FB9-A2A9-EE5AF5BE766F}.Release|Any CPU.ActiveCfg = Release|Any CPU
		{8D29E30B-8DBB-4FB9-A2A9-EE5AF5BE766F}.Release|Any CPU.Build.0 = Release|Any CPU
		{83DE03F6-EA08-4BA7-BCFD-8465A05313A9}.Debug|Any CPU.ActiveCfg = Debug|Any CPU
		{83DE03F6-EA08-4BA7-BCFD-8465A05313A9}.Debug|Any CPU.Build.0 = Debug|Any CPU
		{83DE03F6-EA08-4BA7-BCFD-8465A05313A9}.Release|Any CPU.ActiveCfg = Release|Any CPU
		{83DE03F6-EA08-4BA7-BCFD-8465A05313A9}.Release|Any CPU.Build.0 = Release|Any CPU
	EndGlobalSection
	GlobalSection(SolutionProperties) = preSolution
		HideSolutionNode = FALSE
	EndGlobalSection
	GlobalSection(ExtensibilityGlobals) = postSolution
		SolutionGuid = {45B9EA5C-6543-44BB-AA66-79A822CE8D3F}
	EndGlobalSection
EndGlobal
