
Microsoft Visual Studio Solution File, Format Version 12.00
# Visual Studio Version 17
VisualStudioVersion = 17.6.33723.286
MinimumVisualStudioVersion = 10.0.40219.1
Project("{FAE04EC0-301F-11D3-BF4B-00C04F79EFBC}") = "codechallenge27", "codechallenge27\codechallenge27.csproj", "{95D54A33-0DCE-45C0-B660-07D974323253}"
EndProject
Project("{FAE04EC0-301F-11D3-BF4B-00C04F79EFBC}") = "TestMergeSort", "TestMergeSort\TestMergeSort.csproj", "{DDE869C8-E6D3-48A9-B19E-19D1A964486A}"
EndProject
Global
	GlobalSection(SolutionConfigurationPlatforms) = preSolution
		Debug|Any CPU = Debug|Any CPU
		Release|Any CPU = Release|Any CPU
	EndGlobalSection
	GlobalSection(ProjectConfigurationPlatforms) = postSolution
		{95D54A33-0DCE-45C0-B660-07D974323253}.Debug|Any CPU.ActiveCfg = Debug|Any CPU
		{95D54A33-0DCE-45C0-B660-07D974323253}.Debug|Any CPU.Build.0 = Debug|Any CPU
		{95D54A33-0DCE-45C0-B660-07D974323253}.Release|Any CPU.ActiveCfg = Release|Any CPU
		{95D54A33-0DCE-45C0-B660-07D974323253}.Release|Any CPU.Build.0 = Release|Any CPU
		{DDE869C8-E6D3-48A9-B19E-19D1A964486A}.Debug|Any CPU.ActiveCfg = Debug|Any CPU
		{DDE869C8-E6D3-48A9-B19E-19D1A964486A}.Debug|Any CPU.Build.0 = Debug|Any CPU
		{DDE869C8-E6D3-48A9-B19E-19D1A964486A}.Release|Any CPU.ActiveCfg = Release|Any CPU
		{DDE869C8-E6D3-48A9-B19E-19D1A964486A}.Release|Any CPU.Build.0 = Release|Any CPU
	EndGlobalSection
	GlobalSection(SolutionProperties) = preSolution
		HideSolutionNode = FALSE
	EndGlobalSection
	GlobalSection(ExtensibilityGlobals) = postSolution
		SolutionGuid = {1F3E02C9-90E5-4496-966C-4272ABB4E939}
	EndGlobalSection
EndGlobal
