
Microsoft Visual Studio Solution File, Format Version 12.00
# Visual Studio Version 17
VisualStudioVersion = 17.6.33723.286
MinimumVisualStudioVersion = 10.0.40219.1
Project("{FAE04EC0-301F-11D3-BF4B-00C04F79EFBC}") = "animalShelter", "animalShelter\animalShelter.csproj", "{C96E49D2-5DB0-45DF-A4C2-EFE861AD3B94}"
EndProject
Project("{FAE04EC0-301F-11D3-BF4B-00C04F79EFBC}") = "TestanimalShelter", "TestanimalShelter\TestanimalShelter.csproj", "{613C88B8-C4C6-4B5C-B3F4-795EC57A96C2}"
EndProject
Global
	GlobalSection(SolutionConfigurationPlatforms) = preSolution
		Debug|Any CPU = Debug|Any CPU
		Release|Any CPU = Release|Any CPU
	EndGlobalSection
	GlobalSection(ProjectConfigurationPlatforms) = postSolution
		{C96E49D2-5DB0-45DF-A4C2-EFE861AD3B94}.Debug|Any CPU.ActiveCfg = Debug|Any CPU
		{C96E49D2-5DB0-45DF-A4C2-EFE861AD3B94}.Debug|Any CPU.Build.0 = Debug|Any CPU
		{C96E49D2-5DB0-45DF-A4C2-EFE861AD3B94}.Release|Any CPU.ActiveCfg = Release|Any CPU
		{C96E49D2-5DB0-45DF-A4C2-EFE861AD3B94}.Release|Any CPU.Build.0 = Release|Any CPU
		{613C88B8-C4C6-4B5C-B3F4-795EC57A96C2}.Debug|Any CPU.ActiveCfg = Debug|Any CPU
		{613C88B8-C4C6-4B5C-B3F4-795EC57A96C2}.Debug|Any CPU.Build.0 = Debug|Any CPU
		{613C88B8-C4C6-4B5C-B3F4-795EC57A96C2}.Release|Any CPU.ActiveCfg = Release|Any CPU
		{613C88B8-C4C6-4B5C-B3F4-795EC57A96C2}.Release|Any CPU.Build.0 = Release|Any CPU
	EndGlobalSection
	GlobalSection(SolutionProperties) = preSolution
		HideSolutionNode = FALSE
	EndGlobalSection
	GlobalSection(ExtensibilityGlobals) = postSolution
		SolutionGuid = {3AB61DBF-DB71-486F-88AC-BCAAADAF4B83}
	EndGlobalSection
EndGlobal
